
Microsoft Visual Studio Solution File, Format Version 12.00
# Visual Studio Version 16
VisualStudioVersion = 16.0.29920.165
MinimumVisualStudioVersion = 10.0.40219.1
Project("{FAE04EC0-301F-11D3-BF4B-00C04F79EFBC}") = "ChurchAPP.Application", "ChurchAPP.Application\ChurchAPP.Application.csproj", "{0B311E99-5EB8-4C27-BB3F-99CC853D6E6B}"
EndProject
Project("{FAE04EC0-301F-11D3-BF4B-00C04F79EFBC}") = "ChurchAPP.Model", "ChurchAPP.Model\ChurchAPP.Model.csproj", "{99D93CB2-ED4E-473A-920B-FAC4A3DC042F}"
EndProject
Global
	GlobalSection(SolutionConfigurationPlatforms) = preSolution
		Debug|Any CPU = Debug|Any CPU
		Release|Any CPU = Release|Any CPU
	EndGlobalSection
	GlobalSection(ProjectConfigurationPlatforms) = postSolution
		{0B311E99-5EB8-4C27-BB3F-99CC853D6E6B}.Debug|Any CPU.ActiveCfg = Debug|Any CPU
		{0B311E99-5EB8-4C27-BB3F-99CC853D6E6B}.Debug|Any CPU.Build.0 = Debug|Any CPU
		{0B311E99-5EB8-4C27-BB3F-99CC853D6E6B}.Release|Any CPU.ActiveCfg = Release|Any CPU
		{0B311E99-5EB8-4C27-BB3F-99CC853D6E6B}.Release|Any CPU.Build.0 = Release|Any CPU
		{99D93CB2-ED4E-473A-920B-FAC4A3DC042F}.Debug|Any CPU.ActiveCfg = Debug|Any CPU
		{99D93CB2-ED4E-473A-920B-FAC4A3DC042F}.Debug|Any CPU.Build.0 = Debug|Any CPU
		{99D93CB2-ED4E-473A-920B-FAC4A3DC042F}.Release|Any CPU.ActiveCfg = Release|Any CPU
		{99D93CB2-ED4E-473A-920B-FAC4A3DC042F}.Release|Any CPU.Build.0 = Release|Any CPU
	EndGlobalSection
	GlobalSection(SolutionProperties) = preSolution
		HideSolutionNode = FALSE
	EndGlobalSection
	GlobalSection(ExtensibilityGlobals) = postSolution
		SolutionGuid = {55710D75-CF8F-477F-8B55-E031A457C926}
	EndGlobalSection
EndGlobal
